// !$*UTF8*$!
{
	archiveVersion = 1;
	classes = {
	};
	objectVersion = 46;
	objects = {

/* Begin PBXBuildFile section */
		F4C432CC1BB41E1B008AE4A8 /* AppDelegate.swift in Sources */ = {isa = PBXBuildFile; fileRef = F4C432CB1BB41E1B008AE4A8 /* AppDelegate.swift */; };
		F4C432CE1BB41E1B008AE4A8 /* ViewController.swift in Sources */ = {isa = PBXBuildFile; fileRef = F4C432CD1BB41E1B008AE4A8 /* ViewController.swift */; };
		F4C432D11BB41E1B008AE4A8 /* Main.storyboard in Resources */ = {isa = PBXBuildFile; fileRef = F4C432CF1BB41E1B008AE4A8 /* Main.storyboard */; };
		F4C432D31BB41E1B008AE4A8 /* Assets.xcassets in Resources */ = {isa = PBXBuildFile; fileRef = F4C432D21BB41E1B008AE4A8 /* Assets.xcassets */; };
		F4C432D61BB41E1B008AE4A8 /* LaunchScreen.storyboard in Resources */ = {isa = PBXBuildFile; fileRef = F4C432D41BB41E1B008AE4A8 /* LaunchScreen.storyboard */; };
		F4C432E11BB41E1B008AE4A8 /* TableViewFromScratchTests.swift in Sources */ = {isa = PBXBuildFile; fileRef = F4C432E01BB41E1B008AE4A8 /* TableViewFromScratchTests.swift */; };
		F4C432EC1BB41E1B008AE4A8 /* TableViewFromScratchUITests.swift in Sources */ = {isa = PBXBuildFile; fileRef = F4C432EB1BB41E1B008AE4A8 /* TableViewFromScratchUITests.swift */; };
/* End PBXBuildFile section */

/* Begin PBXContainerItemProxy section */
		F4C432DD1BB41E1B008AE4A8 /* PBXContainerItemProxy */ = {
			isa = PBXContainerItemProxy;
			containerPortal = F4C432C01BB41E1B008AE4A8 /* Project object */;
			proxyType = 1;
			remoteGlobalIDString = F4C432C71BB41E1B008AE4A8;
			remoteInfo = TableViewFromScratch;
		};
		F4C432E81BB41E1B008AE4A8 /* PBXContainerItemProxy */ = {
			isa = PBXContainerItemProxy;
			containerPortal = F4C432C01BB41E1B008AE4A8 /* Project object */;
			proxyType = 1;
			remoteGlobalIDString = F4C432C71BB41E1B008AE4A8;
			remoteInfo = TableViewFromScratch;
		};
/* End PBXContainerItemProxy section */

/* Begin PBXFileReference section */
		F4C432C81BB41E1B008AE4A8 /* TableViewFromScratch.app */ = {isa = PBXFileReference; explicitFileType = wrapper.application; includeInIndex = 0; path = TableViewFromScratch.app; sourceTree = BUILT_PRODUCTS_DIR; };
		F4C432CB1BB41E1B008AE4A8 /* AppDelegate.swift */ = {isa = PBXFileReference; lastKnownFileType = sourcecode.swift; path = AppDelegate.swift; sourceTree = "<group>"; };
		F4C432CD1BB41E1B008AE4A8 /* ViewController.swift */ = {isa = PBXFileReference; lastKnownFileType = sourcecode.swift; path = ViewController.swift; sourceTree = "<group>"; };
		F4C432D01BB41E1B008AE4A8 /* Base */ = {isa = PBXFileReference; lastKnownFileType = file.storyboard; name = Base; path = Base.lproj/Main.storyboard; sourceTree = "<group>"; };
		F4C432D21BB41E1B008AE4A8 /* Assets.xcassets */ = {isa = PBXFileReference; lastKnownFileType = folder.assetcatalog; path = Assets.xcassets; sourceTree = "<group>"; };
		F4C432D51BB41E1B008AE4A8 /* Base */ = {isa = PBXFileReference; lastKnownFileType = file.storyboard; name = Base; path = Base.lproj/LaunchScreen.storyboard; sourceTree = "<group>"; };
		F4C432D71BB41E1B008AE4A8 /* Info.plist */ = {isa = PBXFileReference; lastKnownFileType = text.plist.xml; path = Info.plist; sourceTree = "<group>"; };
		F4C432DC1BB41E1B008AE4A8 /* TableViewFromScratchTests.xctest */ = {isa = PBXFileReference; explicitFileType = wrapper.cfbundle; includeInIndex = 0; path = TableViewFromScratchTests.xctest; sourceTree = BUILT_PRODUCTS_DIR; };
		F4C432E01BB41E1B008AE4A8 /* TableViewFromScratchTests.swift */ = {isa = PBXFileReference; lastKnownFileType = sourcecode.swift; path = TableViewFromScratchTests.swift; sourceTree = "<group>"; };
		F4C432E21BB41E1B008AE4A8 /* Info.plist */ = {isa = PBXFileReference; lastKnownFileType = text.plist.xml; path = Info.plist; sourceTree = "<group>"; };
		F4C432E71BB41E1B008AE4A8 /* TableViewFromScratchUITests.xctest */ = {isa = PBXFileReference; explicitFileType = wrapper.cfbundle; includeInIndex = 0; path = TableViewFromScratchUITests.xctest; sourceTree = BUILT_PRODUCTS_DIR; };
		F4C432EB1BB41E1B008AE4A8 /* TableViewFromScratchUITests.swift */ = {isa = PBXFileReference; lastKnownFileType = sourcecode.swift; path = TableViewFromScratchUITests.swift; sourceTree = "<group>"; };
		F4C432ED1BB41E1B008AE4A8 /* Info.plist */ = {isa = PBXFileReference; lastKnownFileType = text.plist.xml; path = Info.plist; sourceTree = "<group>"; };
/* End PBXFileReference section */

/* Begin PBXFrameworksBuildPhase section */
		F4C432C51BB41E1B008AE4A8 /* Frameworks */ = {
			isa = PBXFrameworksBuildPhase;
			buildActionMask = 2147483647;
			files = (
			);
			runOnlyForDeploymentPostprocessing = 0;
		};
		F4C432D91BB41E1B008AE4A8 /* Frameworks */ = {
			isa = PBXFrameworksBuildPhase;
			buildActionMask = 2147483647;
			files = (
			);
			runOnlyForDeploymentPostprocessing = 0;
		};
		F4C432E41BB41E1B008AE4A8 /* Frameworks */ = {
			isa = PBXFrameworksBuildPhase;
			buildActionMask = 2147483647;
			files = (
			);
			runOnlyForDeploymentPostprocessing = 0;
		};
/* End PBXFrameworksBuildPhase section */

/* Begin PBXGroup section */
		F4C432BF1BB41E1B008AE4A8 = {
			isa = PBXGroup;
			children = (
				F4C432CA1BB41E1B008AE4A8 /* TableViewFromScratch */,
				F4C432DF1BB41E1B008AE4A8 /* TableViewFromScratchTests */,
				F4C432EA1BB41E1B008AE4A8 /* TableViewFromScratchUITests */,
				F4C432C91BB41E1B008AE4A8 /* Products */,
			);
			sourceTree = "<group>";
		};
		F4C432C91BB41E1B008AE4A8 /* Products */ = {
			isa = PBXGroup;
			children = (
				F4C432C81BB41E1B008AE4A8 /* TableViewFromScratch.app */,
				F4C432DC1BB41E1B008AE4A8 /* TableViewFromScratchTests.xctest */,
				F4C432E71BB41E1B008AE4A8 /* TableViewFromScratchUITests.xctest */,
			);
			name = Products;
			sourceTree = "<group>";
		};
		F4C432CA1BB41E1B008AE4A8 /* TableViewFromScratch */ = {
			isa = PBXGroup;
			children = (
				F4C432CB1BB41E1B008AE4A8 /* AppDelegate.swift */,
				F4C432CD1BB41E1B008AE4A8 /* ViewController.swift */,
				F4C432CF1BB41E1B008AE4A8 /* Main.storyboard */,
				F4C432D21BB41E1B008AE4A8 /* Assets.xcassets */,
				F4C432D41BB41E1B008AE4A8 /* LaunchScreen.storyboard */,
				F4C432D71BB41E1B008AE4A8 /* Info.plist */,
			);
			path = TableViewFromScratch;
			sourceTree = "<group>";
		};
		F4C432DF1BB41E1B008AE4A8 /* TableViewFromScratchTests */ = {
			isa = PBXGroup;
			children = (
				F4C432E01BB41E1B008AE4A8 /* TableViewFromScratchTests.swift */,
				F4C432E21BB41E1B008AE4A8 /* Info.plist */,
			);
			path = TableViewFromScratchTests;
			sourceTree = "<group>";
		};
		F4C432EA1BB41E1B008AE4A8 /* TableViewFromScratchUITests */ = {
			isa = PBXGroup;
			children = (
				F4C432EB1BB41E1B008AE4A8 /* TableViewFromScratchUITests.swift */,
				F4C432ED1BB41E1B008AE4A8 /* Info.plist */,
			);
			path = TableViewFromScratchUITests;
			sourceTree = "<group>";
		};
/* End PBXGroup section */

/* Begin PBXNativeTarget section */
		F4C432C71BB41E1B008AE4A8 /* TableViewFromScratch */ = {
			isa = PBXNativeTarget;
			buildConfigurationList = F4C432F01BB41E1B008AE4A8 /* Build configuration list for PBXNativeTarget "TableViewFromScratch" */;
			buildPhases = (
				F4C432C41BB41E1B008AE4A8 /* Sources */,
				F4C432C51BB41E1B008AE4A8 /* Frameworks */,
				F4C432C61BB41E1B008AE4A8 /* Resources */,
			);
			buildRules = (
			);
			dependencies = (
			);
			name = TableViewFromScratch;
			productName = TableViewFromScratch;
			productReference = F4C432C81BB41E1B008AE4A8 /* TableViewFromScratch.app */;
			productType = "com.apple.product-type.application";
		};
		F4C432DB1BB41E1B008AE4A8 /* TableViewFromScratchTests */ = {
			isa = PBXNativeTarget;
			buildConfigurationList = F4C432F31BB41E1B008AE4A8 /* Build configuration list for PBXNativeTarget "TableViewFromScratchTests" */;
			buildPhases = (
				F4C432D81BB41E1B008AE4A8 /* Sources */,
				F4C432D91BB41E1B008AE4A8 /* Frameworks */,
				F4C432DA1BB41E1B008AE4A8 /* Resources */,
			);
			buildRules = (
			);
			dependencies = (
				F4C432DE1BB41E1B008AE4A8 /* PBXTargetDependency */,
			);
			name = TableViewFromScratchTests;
			productName = TableViewFromScratchTests;
			productReference = F4C432DC1BB41E1B008AE4A8 /* TableViewFromScratchTests.xctest */;
			productType = "com.apple.product-type.bundle.unit-test";
		};
		F4C432E61BB41E1B008AE4A8 /* TableViewFromScratchUITests */ = {
			isa = PBXNativeTarget;
			buildConfigurationList = F4C432F61BB41E1B008AE4A8 /* Build configuration list for PBXNativeTarget "TableViewFromScratchUITests" */;
			buildPhases = (
				F4C432E31BB41E1B008AE4A8 /* Sources */,
				F4C432E41BB41E1B008AE4A8 /* Frameworks */,
				F4C432E51BB41E1B008AE4A8 /* Resources */,
			);
			buildRules = (
			);
			dependencies = (
				F4C432E91BB41E1B008AE4A8 /* PBXTargetDependency */,
			);
			name = TableViewFromScratchUITests;
			productName = TableViewFromScratchUITests;
			productReference = F4C432E71BB41E1B008AE4A8 /* TableViewFromScratchUITests.xctest */;
			productType = "com.apple.product-type.bundle.ui-testing";
		};
/* End PBXNativeTarget section */

/* Begin PBXProject section */
		F4C432C01BB41E1B008AE4A8 /* Project object */ = {
			isa = PBXProject;
			attributes = {
				LastUpgradeCheck = 0700;
				ORGANIZATIONNAME = "Mark Lee Malmose";
				TargetAttributes = {
					F4C432C71BB41E1B008AE4A8 = {
						CreatedOnToolsVersion = 7.0;
					};
					F4C432DB1BB41E1B008AE4A8 = {
						CreatedOnToolsVersion = 7.0;
						TestTargetID = F4C432C71BB41E1B008AE4A8;
					};
					F4C432E61BB41E1B008AE4A8 = {
						CreatedOnToolsVersion = 7.0;
						TestTargetID = F4C432C71BB41E1B008AE4A8;
					};
				};
			};
			buildConfigurationList = F4C432C31BB41E1B008AE4A8 /* Build configuration list for PBXProject "TableViewFromScratch" */;
			compatibilityVersion = "Xcode 3.2";
			developmentRegion = English;
			hasScannedForEncodings = 0;
			knownRegions = (
				en,
				Base,
			);
			mainGroup = F4C432BF1BB41E1B008AE4A8;
			productRefGroup = F4C432C91BB41E1B008AE4A8 /* Products */;
			projectDirPath = "";
			projectRoot = "";
			targets = (
				F4C432C71BB41E1B008AE4A8 /* TableViewFromScratch */,
				F4C432DB1BB41E1B008AE4A8 /* TableViewFromScratchTests */,
				F4C432E61BB41E1B008AE4A8 /* TableViewFromScratchUITests */,
			);
		};
/* End PBXProject section */

/* Begin PBXResourcesBuildPhase section */
		F4C432C61BB41E1B008AE4A8 /* Resources */ = {
			isa = PBXResourcesBuildPhase;
			buildActionMask = 2147483647;
			files = (
				F4C432D61BB41E1B008AE4A8 /* LaunchScreen.storyboard in Resources */,
				F4C432D31BB41E1B008AE4A8 /* Assets.xcassets in Resources */,
				F4C432D11BB41E1B008AE4A8 /* Main.storyboard in Resources */,
			);
			runOnlyForDeploymentPostprocessing = 0;
		};
		F4C432DA1BB41E1B008AE4A8 /* Resources */ = {
			isa = PBXResourcesBuildPhase;
			buildActionMask = 2147483647;
			files = (
			);
			runOnlyForDeploymentPostprocessing = 0;
		};
		F4C432E51BB41E1B008AE4A8 /* Resources */ = {
			isa = PBXResourcesBuildPhase;
			buildActionMask = 2147483647;
			files = (
			);
			runOnlyForDeploymentPostprocessing = 0;
		};
/* End PBXResourcesBuildPhase section */

/* Begin PBXSourcesBuildPhase section */
		F4C432C41BB41E1B008AE4A8 /* Sources */ = {
			isa = PBXSourcesBuildPhase;
			buildActionMask = 2147483647;
			files = (
				F4C432CE1BB41E1B008AE4A8 /* ViewController.swift in Sources */,
				F4C432CC1BB41E1B008AE4A8 /* AppDelegate.swift in Sources */,
			);
			runOnlyForDeploymentPostprocessing = 0;
		};
		F4C432D81BB41E1B008AE4A8 /* Sources */ = {
			isa = PBXSourcesBuildPhase;
			buildActionMask = 2147483647;
			files = (
				F4C432E11BB41E1B008AE4A8 /* TableViewFromScratchTests.swift in Sources */,
			);
			runOnlyForDeploymentPostprocessing = 0;
		};
		F4C432E31BB41E1B008AE4A8 /* Sources */ = {
			isa = PBXSourcesBuildPhase;
			buildActionMask = 2147483647;
			files = (
				F4C432EC1BB41E1B008AE4A8 /* TableViewFromScratchUITests.swift in Sources */,
			);
			runOnlyForDeploymentPostprocessing = 0;
		};
/* End PBXSourcesBuildPhase section */

/* Begin PBXTargetDependency section */
		F4C432DE1BB41E1B008AE4A8 /* PBXTargetDependency */ = {
			isa = PBXTargetDependency;
			target = F4C432C71BB41E1B008AE4A8 /* TableViewFromScratch */;
			targetProxy = F4C432DD1BB41E1B008AE4A8 /* PBXContainerItemProxy */;
		};
		F4C432E91BB41E1B008AE4A8 /* PBXTargetDependency */ = {
			isa = PBXTargetDependency;
			target = F4C432C71BB41E1B008AE4A8 /* TableViewFromScratch */;
			targetProxy = F4C432E81BB41E1B008AE4A8 /* PBXContainerItemProxy */;
		};
/* End PBXTargetDependency section */

/* Begin PBXVariantGroup section */
		F4C432CF1BB41E1B008AE4A8 /* Main.storyboard */ = {
			isa = PBXVariantGroup;
			children = (
				F4C432D01BB41E1B008AE4A8 /* Base */,
			);
			name = Main.storyboard;
			sourceTree = "<group>";
		};
		F4C432D41BB41E1B008AE4A8 /* LaunchScreen.storyboard */ = {
			isa = PBXVariantGroup;
			children = (
				F4C432D51BB41E1B008AE4A8 /* Base */,
			);
			name = LaunchScreen.storyboard;
			sourceTree = "<group>";
		};
/* End PBXVariantGroup section */

/* Begin XCBuildConfiguration section */
		F4C432EE1BB41E1B008AE4A8 /* Debug */ = {
			isa = XCBuildConfiguration;
			buildSettings = {
				ALWAYS_SEARCH_USER_PATHS = NO;
				CLANG_CXX_LANGUAGE_STANDARD = "gnu++0x";
				CLANG_CXX_LIBRARY = "libc++";
				CLANG_ENABLE_MODULES = YES;
				CLANG_ENABLE_OBJC_ARC = YES;
				CLANG_WARN_BOOL_CONVERSION = YES;
				CLANG_WARN_CONSTANT_CONVERSION = YES;
				CLANG_WARN_DIRECT_OBJC_ISA_USAGE = YES_ERROR;
				CLANG_WARN_EMPTY_BODY = YES;
				CLANG_WARN_ENUM_CONVERSION = YES;
				CLANG_WARN_INT_CONVERSION = YES;
				CLANG_WARN_OBJC_ROOT_CLASS = YES_ERROR;
				CLANG_WARN_UNREACHABLE_CODE = YES;
				CLANG_WARN__DUPLICATE_METHOD_MATCH = YES;
				"CODE_SIGN_IDENTITY[sdk=iphoneos*]" = "iPhone Developer";
				COPY_PHASE_STRIP = NO;
				DEBUG_INFORMATION_FORMAT = dwarf;
				ENABLE_STRICT_OBJC_MSGSEND = YES;
				ENABLE_TESTABILITY = YES;
				GCC_C_LANGUAGE_STANDARD = gnu99;
				GCC_DYNAMIC_NO_PIC = NO;
				GCC_NO_COMMON_BLOCKS = YES;
				GCC_OPTIMIZATION_LEVEL = 0;
				GCC_PREPROCESSOR_DEFINITIONS = (
					"DEBUG=1",
					"$(inherited)",
				);
				GCC_WARN_64_TO_32_BIT_CONVERSION = YES;
				GCC_WARN_ABOUT_RETURN_TYPE = YES_ERROR;
				GCC_WARN_UNDECLARED_SELECTOR = YES;
				GCC_WARN_UNINITIALIZED_AUTOS = YES_AGGRESSIVE;
				GCC_WARN_UNUSED_FUNCTION = YES;
				GCC_WARN_UNUSED_VARIABLE = YES;
				IPHONEOS_DEPLOYMENT_TARGET = 9.0;
				MTL_ENABLE_DEBUG_INFO = YES;
				ONLY_ACTIVE_ARCH = YES;
				SDKROOT = iphoneos;
				SWIFT_OPTIMIZATION_LEVEL = "-Onone";
			};
			name = Debug;
		};
		F4C432EF1BB41E1B008AE4A8 /* Release */ = {
			isa = XCBuildConfiguration;
			buildSettings = {
				ALWAYS_SEARCH_USER_PATHS = NO;
				CLANG_CXX_LANGUAGE_STANDARD = "gnu++0x";
				CLANG_CXX_LIBRARY = "libc++";
				CLANG_ENABLE_MODULES = YES;
				CLANG_ENABLE_OBJC_ARC = YES;
				CLANG_WARN_BOOL_CONVERSION = YES;
				CLANG_WARN_CONSTANT_CONVERSION = YES;
				CLANG_WARN_DIRECT_OBJC_ISA_USAGE = YES_ERROR;
				CLANG_WARN_EMPTY_BODY = YES;
				CLANG_WARN_ENUM_CONVERSION = YES;
				CLANG_WARN_INT_CONVERSION = YES;
				CLANG_WARN_OBJC_ROOT_CLASS = YES_ERROR;
				CLANG_WARN_UNREACHABLE_CODE = YES;
				CLANG_WARN__DUPLICATE_METHOD_MATCH = YES;
				"CODE_SIGN_IDENTITY[sdk=iphoneos*]" = "iPhone Developer";
				COPY_PHASE_STRIP = NO;
				DEBUG_INFORMATION_FORMAT = "dwarf-with-dsym";
				ENABLE_NS_ASSERTIONS = NO;
				ENABLE_STRICT_OBJC_MSGSEND = YES;
				GCC_C_LANGUAGE_STANDARD = gnu99;
				GCC_NO_COMMON_BLOCKS = YES;
				GCC_WARN_64_TO_32_BIT_CONVERSION = YES;
				GCC_WARN_ABOUT_RETURN_TYPE = YES_ERROR;
				GCC_WARN_UNDECLARED_SELECTOR = YES;
				GCC_WARN_UNINITIALIZED_AUTOS = YES_AGGRESSIVE;
				GCC_WARN_UNUSED_FUNCTION = YES;
				GCC_WARN_UNUSED_VARIABLE = YES;
				IPHONEOS_DEPLOYMENT_TARGET = 9.0;
				MTL_ENABLE_DEBUG_INFO = NO;
				SDKROOT = iphoneos;
				VALIDATE_PRODUCT = YES;
			};
			name = Release;
		};
		F4C432F11BB41E1B008AE4A8 /* Debug */ = {
			isa = XCBuildConfiguration;
			buildSettings = {
				ASSETCATALOG_COMPILER_APPICON_NAME = AppIcon;
				INFOPLIST_FILE = TableViewFromScratch/Info.plist;
				LD_RUNPATH_SEARCH_PATHS = "$(inherited) @executable_path/Frameworks";
				PRODUCT_BUNDLE_IDENTIFIER = LEE.TableViewFromScratch;
				PRODUCT_NAME = "$(TARGET_NAME)";
			};
			name = Debug;
		};
		F4C432F21BB41E1B008AE4A8 /* Release */ = {
			isa = XCBuildConfiguration;
			buildSettings = {
				ASSETCATALOG_COMPILER_APPICON_NAME = AppIcon;
				INFOPLIST_FILE = TableViewFromScratch/Info.plist;
				LD_RUNPATH_SEARCH_PATHS = "$(inherited) @executable_path/Frameworks";
				PRODUCT_BUNDLE_IDENTIFIER = LEE.TableViewFromScratch;
				PRODUCT_NAME = "$(TARGET_NAME)";
			};
			name = Release;
		};
		F4C432F41BB41E1B008AE4A8 /* Debug */ = {
			isa = XCBuildConfiguration;
			buildSettings = {
				BUNDLE_LOADER = "$(TEST_HOST)";
				INFOPLIST_FILE = TableViewFromScratchTests/Info.plist;
				LD_RUNPATH_SEARCH_PATHS = "$(inherited) @executable_path/Frameworks @loader_path/Frameworks";
				PRODUCT_BUNDLE_IDENTIFIER = LEE.TableViewFromScratchTests;
				PRODUCT_NAME = "$(TARGET_NAME)";
				TEST_HOST = "$(BUILT_PRODUCTS_DIR)/TableViewFromScratch.app/TableViewFromScratch";
			};
			name = Debug;
		};
		F4C432F51BB41E1B008AE4A8 /* Release */ = {
			isa = XCBuildConfiguration;
			buildSettings = {
				BUNDLE_LOADER = "$(TEST_HOST)";
				INFOPLIST_FILE = TableViewFromScratchTests/Info.plist;
				LD_RUNPATH_SEARCH_PATHS = "$(inherited) @executable_path/Frameworks @loader_path/Frameworks";
				PRODUCT_BUNDLE_IDENTIFIER = LEE.TableViewFromScratchTests;
				PRODUCT_NAME = "$(TARGET_NAME)";
				TEST_HOST = "$(BUILT_PRODUCTS_DIR)/TableViewFromScratch.app/TableViewFromScratch";
			};
			name = Release;
		};
		F4C432F71BB41E1B008AE4A8 /* Debug */ = {
			isa = XCBuildConfiguration;
			buildSettings = {
				INFOPLIST_FILE = TableViewFromScratchUITests/Info.plist;
				LD_RUNPATH_SEARCH_PATHS = "$(inherited) @executable_path/Frameworks @loader_path/Frameworks";
				PRODUCT_BUNDLE_IDENTIFIER = LEE.TableViewFromScratchUITests;
				PRODUCT_NAME = "$(TARGET_NAME)";
				TEST_TARGET_NAME = TableViewFromScratch;
				USES_XCTRUNNER = YES;
			};
			name = Debug;
		};
		F4C432F81BB41E1B008AE4A8 /* Release */ = {
			isa = XCBuildConfiguration;
			buildSettings = {
				INFOPLIST_FILE = TableViewFromScratchUITests/Info.plist;
				LD_RUNPATH_SEARCH_PATHS = "$(inherited) @executable_path/Frameworks @loader_path/Frameworks";
				PRODUCT_BUNDLE_IDENTIFIER = LEE.TableViewFromScratchUITests;
				PRODUCT_NAME = "$(TARGET_NAME)";
				TEST_TARGET_NAME = TableViewFromScratch;
				USES_XCTRUNNER = YES;
			};
			name = Release;
		};
/* End XCBuildConfiguration section */

/* Begin XCConfigurationList section */
		F4C432C31BB41E1B008AE4A8 /* Build configuration list for PBXProject "TableViewFromScratch" */ = {
			isa = XCConfigurationList;
			buildConfigurations = (
				F4C432EE1BB41E1B008AE4A8 /* Debug */,
				F4C432EF1BB41E1B008AE4A8 /* Release */,
			);
			defaultConfigurationIsVisible = 0;
			defaultConfigurationName = Release;
		};
		F4C432F01BB41E1B008AE4A8 /* Build configuration list for PBXNativeTarget "TableViewFromScratch" */ = {
			isa = XCConfigurationList;
			buildConfigurations = (
				F4C432F11BB41E1B008AE4A8 /* Debug */,
				F4C432F21BB41E1B008AE4A8 /* Release */,
			);
			defaultConfigurationIsVisible = 0;
		};
		F4C432F31BB41E1B008AE4A8 /* Build configuration list for PBXNativeTarget "TableViewFromScratchTests" */ = {
			isa = XCConfigurationList;
			buildConfigurations = (
				F4C432F41BB41E1B008AE4A8 /* Debug */,
				F4C432F51BB41E1B008AE4A8 /* Release */,
			);
			defaultConfigurationIsVisible = 0;
		};
		F4C432F61BB41E1B008AE4A8 /* Build configuration list for PBXNativeTarget "TableViewFromScratchUITests" */ = {
			isa = XCConfigurationList;
			buildConfigurations = (
				F4C432F71BB41E1B008AE4A8 /* Debug */,
				F4C432F81BB41E1B008AE4A8 /* Release */,
			);
			defaultConfigurationIsVisible = 0;
		};
/* End XCConfigurationList section */
	};
	rootObject = F4C432C01BB41E1B008AE4A8 /* Project object */;
}
